
Microsoft Visual Studio Solution File, Format Version 12.00
# Visual Studio Version 16
VisualStudioVersion = 16.0.31205.134
MinimumVisualStudioVersion = 10.0.40219.1
Project("{FAE04EC0-301F-11D3-BF4B-00C04F79EFBC}") = "URLShortener", "URLShortener\URLShortener.csproj", "{CDF146C1-8619-43C4-9EB7-93286F009105}"
EndProject
Global
	GlobalSection(SolutionConfigurationPlatforms) = preSolution
		Debug|Any CPU = Debug|Any CPU
		Release|Any CPU = Release|Any CPU
	EndGlobalSection
	GlobalSection(ProjectConfigurationPlatforms) = postSolution
		{CDF146C1-8619-43C4-9EB7-93286F009105}.Debug|Any CPU.ActiveCfg = Debug|Any CPU
		{CDF146C1-8619-43C4-9EB7-93286F009105}.Debug|Any CPU.Build.0 = Debug|Any CPU
		{CDF146C1-8619-43C4-9EB7-93286F009105}.Release|Any CPU.ActiveCfg = Release|Any CPU
		{CDF146C1-8619-43C4-9EB7-93286F009105}.Release|Any CPU.Build.0 = Release|Any CPU
	EndGlobalSection
	GlobalSection(SolutionProperties) = preSolution
		HideSolutionNode = FALSE
	EndGlobalSection
	GlobalSection(ExtensibilityGlobals) = postSolution
		SolutionGuid = {EDB8DA7D-7C29-4B7F-82AA-8834C5082BFD}
	EndGlobalSection
EndGlobal
